// !$*UTF8*$!
{
	archiveVersion = 1;
	classes = {
	};
	objectVersion = 55;
	objects = {

/* Begin PBXBuildFile section */
		002C165427D61C670002C4F3 /* AppDelegate.swift in Sources */ = {isa = PBXBuildFile; fileRef = 002C165327D61C670002C4F3 /* AppDelegate.swift */; };
		002C165627D61C670002C4F3 /* SceneDelegate.swift in Sources */ = {isa = PBXBuildFile; fileRef = 002C165527D61C670002C4F3 /* SceneDelegate.swift */; };
		002C165827D61C670002C4F3 /* ViewController.swift in Sources */ = {isa = PBXBuildFile; fileRef = 002C165727D61C670002C4F3 /* ViewController.swift */; };
		002C165B27D61C670002C4F3 /* Main.storyboard in Resources */ = {isa = PBXBuildFile; fileRef = 002C165927D61C670002C4F3 /* Main.storyboard */; };
		002C165D27D61C6B0002C4F3 /* Assets.xcassets in Resources */ = {isa = PBXBuildFile; fileRef = 002C165C27D61C6B0002C4F3 /* Assets.xcassets */; };
		002C166027D61C6B0002C4F3 /* LaunchScreen.storyboard in Resources */ = {isa = PBXBuildFile; fileRef = 002C165E27D61C6B0002C4F3 /* LaunchScreen.storyboard */; };
		00B5894227E201D800D19AD2 /* CustomView.swift in Sources */ = {isa = PBXBuildFile; fileRef = 00B5894127E201D800D19AD2 /* CustomView.swift */; };
		00B5894427E20D9D00D19AD2 /* CustomView.xib in Resources */ = {isa = PBXBuildFile; fileRef = 00B5894327E20D9D00D19AD2 /* CustomView.xib */; };
/* End PBXBuildFile section */

/* Begin PBXContainerItemProxy section */
		002C166727D61C6B0002C4F3 /* PBXContainerItemProxy */ = {
			isa = PBXContainerItemProxy;
			containerPortal = 002C164827D61C670002C4F3 /* Project object */;
			proxyType = 1;
			remoteGlobalIDString = 002C164F27D61C670002C4F3;
			remoteInfo = XIBMedium;
		};
		002C167127D61C6B0002C4F3 /* PBXContainerItemProxy */ = {
			isa = PBXContainerItemProxy;
			containerPortal = 002C164827D61C670002C4F3 /* Project object */;
			proxyType = 1;
			remoteGlobalIDString = 002C164F27D61C670002C4F3;
			remoteInfo = XIBMedium;
		};
/* End PBXContainerItemProxy section */

/* Begin PBXFileReference section */
		002C165027D61C670002C4F3 /* XIBMedium.app */ = {isa = PBXFileReference; explicitFileType = wrapper.application; includeInIndex = 0; path = XIBMedium.app; sourceTree = BUILT_PRODUCTS_DIR; };
		002C165327D61C670002C4F3 /* AppDelegate.swift */ = {isa = PBXFileReference; lastKnownFileType = sourcecode.swift; path = AppDelegate.swift; sourceTree = "<group>"; };
		002C165527D61C670002C4F3 /* SceneDelegate.swift */ = {isa = PBXFileReference; lastKnownFileType = sourcecode.swift; path = SceneDelegate.swift; sourceTree = "<group>"; };
		002C165727D61C670002C4F3 /* ViewController.swift */ = {isa = PBXFileReference; lastKnownFileType = sourcecode.swift; path = ViewController.swift; sourceTree = "<group>"; };
		002C165A27D61C670002C4F3 /* Base */ = {isa = PBXFileReference; lastKnownFileType = file.storyboard; name = Base; path = Base.lproj/Main.storyboard; sourceTree = "<group>"; };
		002C165C27D61C6B0002C4F3 /* Assets.xcassets */ = {isa = PBXFileReference; lastKnownFileType = folder.assetcatalog; path = Assets.xcassets; sourceTree = "<group>"; };
		002C165F27D61C6B0002C4F3 /* Base */ = {isa = PBXFileReference; lastKnownFileType = file.storyboard; name = Base; path = Base.lproj/LaunchScreen.storyboard; sourceTree = "<group>"; };
		002C166127D61C6B0002C4F3 /* Info.plist */ = {isa = PBXFileReference; lastKnownFileType = text.plist.xml; path = Info.plist; sourceTree = "<group>"; };
		002C166627D61C6B0002C4F3 /* XIBMediumTests.xctest */ = {isa = PBXFileReference; explicitFileType = wrapper.cfbundle; includeInIndex = 0; path = XIBMediumTests.xctest; sourceTree = BUILT_PRODUCTS_DIR; };
		002C167027D61C6B0002C4F3 /* XIBMediumUITests.xctest */ = {isa = PBXFileReference; explicitFileType = wrapper.cfbundle; includeInIndex = 0; path = XIBMediumUITests.xctest; sourceTree = BUILT_PRODUCTS_DIR; };
		00B5894127E201D800D19AD2 /* CustomView.swift */ = {isa = PBXFileReference; lastKnownFileType = sourcecode.swift; path = CustomView.swift; sourceTree = "<group>"; };
		00B5894327E20D9D00D19AD2 /* CustomView.xib */ = {isa = PBXFileReference; lastKnownFileType = file.xib; path = CustomView.xib; sourceTree = "<group>"; };
/* End PBXFileReference section */

/* Begin PBXFrameworksBuildPhase section */
		002C164D27D61C670002C4F3 /* Frameworks */ = {
			isa = PBXFrameworksBuildPhase;
			buildActionMask = 2147483647;
			files = (
			);
			runOnlyForDeploymentPostprocessing = 0;
		};
		002C166327D61C6B0002C4F3 /* Frameworks */ = {
			isa = PBXFrameworksBuildPhase;
			buildActionMask = 2147483647;
			files = (
			);
			runOnlyForDeploymentPostprocessing = 0;
		};
		002C166D27D61C6B0002C4F3 /* Frameworks */ = {
			isa = PBXFrameworksBuildPhase;
			buildActionMask = 2147483647;
			files = (
			);
			runOnlyForDeploymentPostprocessing = 0;
		};
/* End PBXFrameworksBuildPhase section */

/* Begin PBXGroup section */
		00023CE327D7C029002B5795 /* CustomComponent */ = {
			isa = PBXGroup;
			children = (
				00B5894127E201D800D19AD2 /* CustomView.swift */,
				00B5894327E20D9D00D19AD2 /* CustomView.xib */,
			);
			path = CustomComponent;
			sourceTree = "<group>";
		};
		002C164727D61C670002C4F3 = {
			isa = PBXGroup;
			children = (
				002C165227D61C670002C4F3 /* XIBMedium */,
				002C165127D61C670002C4F3 /* Products */,
			);
			sourceTree = "<group>";
		};
		002C165127D61C670002C4F3 /* Products */ = {
			isa = PBXGroup;
			children = (
				002C165027D61C670002C4F3 /* XIBMedium.app */,
				002C166627D61C6B0002C4F3 /* XIBMediumTests.xctest */,
				002C167027D61C6B0002C4F3 /* XIBMediumUITests.xctest */,
			);
			name = Products;
			sourceTree = "<group>";
		};
		002C165227D61C670002C4F3 /* XIBMedium */ = {
			isa = PBXGroup;
			children = (
				00023CE327D7C029002B5795 /* CustomComponent */,
				002C165327D61C670002C4F3 /* AppDelegate.swift */,
				002C165527D61C670002C4F3 /* SceneDelegate.swift */,
				002C165727D61C670002C4F3 /* ViewController.swift */,
				002C165927D61C670002C4F3 /* Main.storyboard */,
				002C165C27D61C6B0002C4F3 /* Assets.xcassets */,
				002C165E27D61C6B0002C4F3 /* LaunchScreen.storyboard */,
				002C166127D61C6B0002C4F3 /* Info.plist */,
			);
			path = XIBMedium;
			sourceTree = "<group>";
		};
/* End PBXGroup section */

/* Begin PBXNativeTarget section */
		002C164F27D61C670002C4F3 /* XIBMedium */ = {
			isa = PBXNativeTarget;
			buildConfigurationList = 002C167A27D61C6B0002C4F3 /* Build configuration list for PBXNativeTarget "XIBMedium" */;
			buildPhases = (
				002C164C27D61C670002C4F3 /* Sources */,
				002C164D27D61C670002C4F3 /* Frameworks */,
				002C164E27D61C670002C4F3 /* Resources */,
			);
			buildRules = (
			);
			dependencies = (
			);
			name = XIBMedium;
			productName = XIBMedium;
			productReference = 002C165027D61C670002C4F3 /* XIBMedium.app */;
			productType = "com.apple.product-type.application";
		};
		002C166527D61C6B0002C4F3 /* XIBMediumTests */ = {
			isa = PBXNativeTarget;
			buildConfigurationList = 002C167D27D61C6B0002C4F3 /* Build configuration list for PBXNativeTarget "XIBMediumTests" */;
			buildPhases = (
				002C166227D61C6B0002C4F3 /* Sources */,
				002C166327D61C6B0002C4F3 /* Frameworks */,
				002C166427D61C6B0002C4F3 /* Resources */,
			);
			buildRules = (
			);
			dependencies = (
				002C166827D61C6B0002C4F3 /* PBXTargetDependency */,
			);
			name = XIBMediumTests;
			productName = XIBMediumTests;
			productReference = 002C166627D61C6B0002C4F3 /* XIBMediumTests.xctest */;
			productType = "com.apple.product-type.bundle.unit-test";
		};
		002C166F27D61C6B0002C4F3 /* XIBMediumUITests */ = {
			isa = PBXNativeTarget;
			buildConfigurationList = 002C168027D61C6B0002C4F3 /* Build configuration list for PBXNativeTarget "XIBMediumUITests" */;
			buildPhases = (
				002C166C27D61C6B0002C4F3 /* Sources */,
				002C166D27D61C6B0002C4F3 /* Frameworks */,
				002C166E27D61C6B0002C4F3 /* Resources */,
			);
			buildRules = (
			);
			dependencies = (
				002C167227D61C6B0002C4F3 /* PBXTargetDependency */,
			);
			name = XIBMediumUITests;
			productName = XIBMediumUITests;
			productReference = 002C167027D61C6B0002C4F3 /* XIBMediumUITests.xctest */;
			productType = "com.apple.product-type.bundle.ui-testing";
		};
/* End PBXNativeTarget section */

/* Begin PBXProject section */
		002C164827D61C670002C4F3 /* Project object */ = {
			isa = PBXProject;
			attributes = {
				BuildIndependentTargetsInParallel = 1;
				LastSwiftUpdateCheck = 1320;
				LastUpgradeCheck = 1320;
				TargetAttributes = {
					002C164F27D61C670002C4F3 = {
						CreatedOnToolsVersion = 13.2.1;
					};
					002C166527D61C6B0002C4F3 = {
						CreatedOnToolsVersion = 13.2.1;
						TestTargetID = 002C164F27D61C670002C4F3;
					};
					002C166F27D61C6B0002C4F3 = {
						CreatedOnToolsVersion = 13.2.1;
						TestTargetID = 002C164F27D61C670002C4F3;
					};
				};
			};
			buildConfigurationList = 002C164B27D61C670002C4F3 /* Build configuration list for PBXProject "XIBMedium" */;
			compatibilityVersion = "Xcode 13.0";
			developmentRegion = en;
			hasScannedForEncodings = 0;
			knownRegions = (
				en,
				Base,
			);
			mainGroup = 002C164727D61C670002C4F3;
			productRefGroup = 002C165127D61C670002C4F3 /* Products */;
			projectDirPath = "";
			projectRoot = "";
			targets = (
				002C164F27D61C670002C4F3 /* XIBMedium */,
				002C166527D61C6B0002C4F3 /* XIBMediumTests */,
				002C166F27D61C6B0002C4F3 /* XIBMediumUITests */,
			);
		};
/* End PBXProject section */

/* Begin PBXResourcesBuildPhase section */
		002C164E27D61C670002C4F3 /* Resources */ = {
			isa = PBXResourcesBuildPhase;
			buildActionMask = 2147483647;
			files = (
				002C166027D61C6B0002C4F3 /* LaunchScreen.storyboard in Resources */,
				00B5894427E20D9D00D19AD2 /* CustomView.xib in Resources */,
				002C165D27D61C6B0002C4F3 /* Assets.xcassets in Resources */,
				002C165B27D61C670002C4F3 /* Main.storyboard in Resources */,
			);
			runOnlyForDeploymentPostprocessing = 0;
		};
		002C166427D61C6B0002C4F3 /* Resources */ = {
			isa = PBXResourcesBuildPhase;
			buildActionMask = 2147483647;
			files = (
			);
			runOnlyForDeploymentPostprocessing = 0;
		};
		002C166E27D61C6B0002C4F3 /* Resources */ = {
			isa = PBXResourcesBuildPhase;
			buildActionMask = 2147483647;
			files = (
			);
			runOnlyForDeploymentPostprocessing = 0;
		};
/* End PBXResourcesBuildPhase section */

/* Begin PBXSourcesBuildPhase section */
		002C164C27D61C670002C4F3 /* Sources */ = {
			isa = PBXSourcesBuildPhase;
			buildActionMask = 2147483647;
			files = (
				002C165827D61C670002C4F3 /* ViewController.swift in Sources */,
				00B5894227E201D800D19AD2 /* CustomView.swift in Sources */,
				002C165427D61C670002C4F3 /* AppDelegate.swift in Sources */,
				002C165627D61C670002C4F3 /* SceneDelegate.swift in Sources */,
			);
			runOnlyForDeploymentPostprocessing = 0;
		};
		002C166227D61C6B0002C4F3 /* Sources */ = {
			isa = PBXSourcesBuildPhase;
			buildActionMask = 2147483647;
			files = (
			);
			runOnlyForDeploymentPostprocessing = 0;
		};
		002C166C27D61C6B0002C4F3 /* Sources */ = {
			isa = PBXSourcesBuildPhase;
			buildActionMask = 2147483647;
			files = (
			);
			runOnlyForDeploymentPostprocessing = 0;
		};
/* End PBXSourcesBuildPhase section */

/* Begin PBXTargetDependency section */
		002C166827D61C6B0002C4F3 /* PBXTargetDependency */ = {
			isa = PBXTargetDependency;
			target = 002C164F27D61C670002C4F3 /* XIBMedium */;
			targetProxy = 002C166727D61C6B0002C4F3 /* PBXContainerItemProxy */;
		};
		002C167227D61C6B0002C4F3 /* PBXTargetDependency */ = {
			isa = PBXTargetDependency;
			target = 002C164F27D61C670002C4F3 /* XIBMedium */;
			targetProxy = 002C167127D61C6B0002C4F3 /* PBXContainerItemProxy */;
		};
/* End PBXTargetDependency section */

/* Begin PBXVariantGroup section */
		002C165927D61C670002C4F3 /* Main.storyboard */ = {
			isa = PBXVariantGroup;
			children = (
				002C165A27D61C670002C4F3 /* Base */,
			);
			name = Main.storyboard;
			sourceTree = "<group>";
		};
		002C165E27D61C6B0002C4F3 /* LaunchScreen.storyboard */ = {
			isa = PBXVariantGroup;
			children = (
				002C165F27D61C6B0002C4F3 /* Base */,
			);
			name = LaunchScreen.storyboard;
			sourceTree = "<group>";
		};
/* End PBXVariantGroup section */

/* Begin XCBuildConfiguration section */
		002C167827D61C6B0002C4F3 /* Debug */ = {
			isa = XCBuildConfiguration;
			buildSettings = {
				ALWAYS_SEARCH_USER_PATHS = NO;
				CLANG_ANALYZER_NONNULL = YES;
				CLANG_ANALYZER_NUMBER_OBJECT_CONVERSION = YES_AGGRESSIVE;
				CLANG_CXX_LANGUAGE_STANDARD = "gnu++17";
				CLANG_CXX_LIBRARY = "libc++";
				CLANG_ENABLE_MODULES = YES;
				CLANG_ENABLE_OBJC_ARC = YES;
				CLANG_ENABLE_OBJC_WEAK = YES;
				CLANG_WARN_BLOCK_CAPTURE_AUTORELEASING = YES;
				CLANG_WARN_BOOL_CONVERSION = YES;
				CLANG_WARN_COMMA = YES;
				CLANG_WARN_CONSTANT_CONVERSION = YES;
				CLANG_WARN_DEPRECATED_OBJC_IMPLEMENTATIONS = YES;
				CLANG_WARN_DIRECT_OBJC_ISA_USAGE = YES_ERROR;
				CLANG_WARN_DOCUMENTATION_COMMENTS = YES;
				CLANG_WARN_EMPTY_BODY = YES;
				CLANG_WARN_ENUM_CONVERSION = YES;
				CLANG_WARN_INFINITE_RECURSION = YES;
				CLANG_WARN_INT_CONVERSION = YES;
				CLANG_WARN_NON_LITERAL_NULL_CONVERSION = YES;
				CLANG_WARN_OBJC_IMPLICIT_RETAIN_SELF = YES;
				CLANG_WARN_OBJC_LITERAL_CONVERSION = YES;
				CLANG_WARN_OBJC_ROOT_CLASS = YES_ERROR;
				CLANG_WARN_QUOTED_INCLUDE_IN_FRAMEWORK_HEADER = YES;
				CLANG_WARN_RANGE_LOOP_ANALYSIS = YES;
				CLANG_WARN_STRICT_PROTOTYPES = YES;
				CLANG_WARN_SUSPICIOUS_MOVE = YES;
				CLANG_WARN_UNGUARDED_AVAILABILITY = YES_AGGRESSIVE;
				CLANG_WARN_UNREACHABLE_CODE = YES;
				CLANG_WARN__DUPLICATE_METHOD_MATCH = YES;
				COPY_PHASE_STRIP = NO;
				DEBUG_INFORMATION_FORMAT = dwarf;
				ENABLE_STRICT_OBJC_MSGSEND = YES;
				ENABLE_TESTABILITY = YES;
				GCC_C_LANGUAGE_STANDARD = gnu11;
				GCC_DYNAMIC_NO_PIC = NO;
				GCC_NO_COMMON_BLOCKS = YES;
				GCC_OPTIMIZATION_LEVEL = 0;
				GCC_PREPROCESSOR_DEFINITIONS = (
					"DEBUG=1",
					"$(inherited)",
				);
				GCC_WARN_64_TO_32_BIT_CONVERSION = YES;
				GCC_WARN_ABOUT_RETURN_TYPE = YES_ERROR;
				GCC_WARN_UNDECLARED_SELECTOR = YES;
				GCC_WARN_UNINITIALIZED_AUTOS = YES_AGGRESSIVE;
				GCC_WARN_UNUSED_FUNCTION = YES;
				GCC_WARN_UNUSED_VARIABLE = YES;
				IPHONEOS_DEPLOYMENT_TARGET = 15.2;
				MTL_ENABLE_DEBUG_INFO = INCLUDE_SOURCE;
				MTL_FAST_MATH = YES;
				ONLY_ACTIVE_ARCH = YES;
				SDKROOT = iphoneos;
				SWIFT_ACTIVE_COMPILATION_CONDITIONS = DEBUG;
				SWIFT_OPTIMIZATION_LEVEL = "-Onone";
			};
			name = Debug;
		};
		002C167927D61C6B0002C4F3 /* Release */ = {
			isa = XCBuildConfiguration;
			buildSettings = {
				ALWAYS_SEARCH_USER_PATHS = NO;
				CLANG_ANALYZER_NONNULL = YES;
				CLANG_ANALYZER_NUMBER_OBJECT_CONVERSION = YES_AGGRESSIVE;
				CLANG_CXX_LANGUAGE_STANDARD = "gnu++17";
				CLANG_CXX_LIBRARY = "libc++";
				CLANG_ENABLE_MODULES = YES;
				CLANG_ENABLE_OBJC_ARC = YES;
				CLANG_ENABLE_OBJC_WEAK = YES;
				CLANG_WARN_BLOCK_CAPTURE_AUTORELEASING = YES;
				CLANG_WARN_BOOL_CONVERSION = YES;
				CLANG_WARN_COMMA = YES;
				CLANG_WARN_CONSTANT_CONVERSION = YES;
				CLANG_WARN_DEPRECATED_OBJC_IMPLEMENTATIONS = YES;
				CLANG_WARN_DIRECT_OBJC_ISA_USAGE = YES_ERROR;
				CLANG_WARN_DOCUMENTATION_COMMENTS = YES;
				CLANG_WARN_EMPTY_BODY = YES;
				CLANG_WARN_ENUM_CONVERSION = YES;
				CLANG_WARN_INFINITE_RECURSION = YES;
				CLANG_WARN_INT_CONVERSION = YES;
				CLANG_WARN_NON_LITERAL_NULL_CONVERSION = YES;
				CLANG_WARN_OBJC_IMPLICIT_RETAIN_SELF = YES;
				CLANG_WARN_OBJC_LITERAL_CONVERSION = YES;
				CLANG_WARN_OBJC_ROOT_CLASS = YES_ERROR;
				CLANG_WARN_QUOTED_INCLUDE_IN_FRAMEWORK_HEADER = YES;
				CLANG_WARN_RANGE_LOOP_ANALYSIS = YES;
				CLANG_WARN_STRICT_PROTOTYPES = YES;
				CLANG_WARN_SUSPICIOUS_MOVE = YES;
				CLANG_WARN_UNGUARDED_AVAILABILITY = YES_AGGRESSIVE;
				CLANG_WARN_UNREACHABLE_CODE = YES;
				CLANG_WARN__DUPLICATE_METHOD_MATCH = YES;
				COPY_PHASE_STRIP = NO;
				DEBUG_INFORMATION_FORMAT = "dwarf-with-dsym";
				ENABLE_NS_ASSERTIONS = NO;
				ENABLE_STRICT_OBJC_MSGSEND = YES;
				GCC_C_LANGUAGE_STANDARD = gnu11;
				GCC_NO_COMMON_BLOCKS = YES;
				GCC_WARN_64_TO_32_BIT_CONVERSION = YES;
				GCC_WARN_ABOUT_RETURN_TYPE = YES_ERROR;
				GCC_WARN_UNDECLARED_SELECTOR = YES;
				GCC_WARN_UNINITIALIZED_AUTOS = YES_AGGRESSIVE;
				GCC_WARN_UNUSED_FUNCTION = YES;
				GCC_WARN_UNUSED_VARIABLE = YES;
				IPHONEOS_DEPLOYMENT_TARGET = 15.2;
				MTL_ENABLE_DEBUG_INFO = NO;
				MTL_FAST_MATH = YES;
				SDKROOT = iphoneos;
				SWIFT_COMPILATION_MODE = wholemodule;
				SWIFT_OPTIMIZATION_LEVEL = "-O";
				VALIDATE_PRODUCT = YES;
			};
			name = Release;
		};
		002C167B27D61C6B0002C4F3 /* Debug */ = {
			isa = XCBuildConfiguration;
			buildSettings = {
				ASSETCATALOG_COMPILER_APPICON_NAME = AppIcon;
				ASSETCATALOG_COMPILER_GLOBAL_ACCENT_COLOR_NAME = AccentColor;
				CODE_SIGN_STYLE = Automatic;
				CURRENT_PROJECT_VERSION = 1;
				DEVELOPMENT_TEAM = C7CDTC5F99;
				GENERATE_INFOPLIST_FILE = YES;
				INFOPLIST_FILE = XIBMedium/Info.plist;
				INFOPLIST_KEY_UIApplicationSupportsIndirectInputEvents = YES;
				INFOPLIST_KEY_UILaunchStoryboardName = LaunchScreen;
				INFOPLIST_KEY_UIMainStoryboardFile = Main;
				INFOPLIST_KEY_UISupportedInterfaceOrientations_iPad = "UIInterfaceOrientationPortrait UIInterfaceOrientationPortraitUpsideDown UIInterfaceOrientationLandscapeLeft UIInterfaceOrientationLandscapeRight";
				INFOPLIST_KEY_UISupportedInterfaceOrientations_iPhone = "UIInterfaceOrientationPortrait UIInterfaceOrientationLandscapeLeft UIInterfaceOrientationLandscapeRight";
				LD_RUNPATH_SEARCH_PATHS = (
					"$(inherited)",
					"@executable_path/Frameworks",
				);
				MARKETING_VERSION = 1.0;
				PRODUCT_BUNDLE_IDENTIFIER = com.samuel.XIBMedium;
				PRODUCT_NAME = "$(TARGET_NAME)";
				SWIFT_EMIT_LOC_STRINGS = YES;
				SWIFT_VERSION = 5.0;
				TARGETED_DEVICE_FAMILY = "1,2";
			};
			name = Debug;
		};
		002C167C27D61C6B0002C4F3 /* Release */ = {
			isa = XCBuildConfiguration;
			buildSettings = {
				ASSETCATALOG_COMPILER_APPICON_NAME = AppIcon;
				ASSETCATALOG_COMPILER_GLOBAL_ACCENT_COLOR_NAME = AccentColor;
				CODE_SIGN_STYLE = Automatic;
				CURRENT_PROJECT_VERSION = 1;
				DEVELOPMENT_TEAM = C7CDTC5F99;
				GENERATE_INFOPLIST_FILE = YES;
				INFOPLIST_FILE = XIBMedium/Info.plist;
				INFOPLIST_KEY_UIApplicationSupportsIndirectInputEvents = YES;
				INFOPLIST_KEY_UILaunchStoryboardName = LaunchScreen;
				INFOPLIST_KEY_UIMainStoryboardFile = Main;
				INFOPLIST_KEY_UISupportedInterfaceOrientations_iPad = "UIInterfaceOrientationPortrait UIInterfaceOrientationPortraitUpsideDown UIInterfaceOrientationLandscapeLeft UIInterfaceOrientationLandscapeRight";
				INFOPLIST_KEY_UISupportedInterfaceOrientations_iPhone = "UIInterfaceOrientationPortrait UIInterfaceOrientationLandscapeLeft UIInterfaceOrientationLandscapeRight";
				LD_RUNPATH_SEARCH_PATHS = (
					"$(inherited)",
					"@executable_path/Frameworks",
				);
				MARKETING_VERSION = 1.0;
				PRODUCT_BUNDLE_IDENTIFIER = com.samuel.XIBMedium;
				PRODUCT_NAME = "$(TARGET_NAME)";
				SWIFT_EMIT_LOC_STRINGS = YES;
				SWIFT_VERSION = 5.0;
				TARGETED_DEVICE_FAMILY = "1,2";
			};
			name = Release;
		};
		002C167E27D61C6B0002C4F3 /* Debug */ = {
			isa = XCBuildConfiguration;
			buildSettings = {
				ALWAYS_EMBED_SWIFT_STANDARD_LIBRARIES = YES;
				BUNDLE_LOADER = "$(TEST_HOST)";
				CODE_SIGN_STYLE = Automatic;
				CURRENT_PROJECT_VERSION = 1;
				DEVELOPMENT_TEAM = C7CDTC5F99;
				GENERATE_INFOPLIST_FILE = YES;
				IPHONEOS_DEPLOYMENT_TARGET = 15.2;
				MARKETING_VERSION = 1.0;
				PRODUCT_BUNDLE_IDENTIFIER = com.samuel.XIBMediumTests;
				PRODUCT_NAME = "$(TARGET_NAME)";
				SWIFT_EMIT_LOC_STRINGS = NO;
				SWIFT_VERSION = 5.0;
				TARGETED_DEVICE_FAMILY = "1,2";
				TEST_HOST = "$(BUILT_PRODUCTS_DIR)/XIBMedium.app/XIBMedium";
			};
			name = Debug;
		};
		002C167F27D61C6B0002C4F3 /* Release */ = {
			isa = XCBuildConfiguration;
			buildSettings = {
				ALWAYS_EMBED_SWIFT_STANDARD_LIBRARIES = YES;
				BUNDLE_LOADER = "$(TEST_HOST)";
				CODE_SIGN_STYLE = Automatic;
				CURRENT_PROJECT_VERSION = 1;
				DEVELOPMENT_TEAM = C7CDTC5F99;
				GENERATE_INFOPLIST_FILE = YES;
				IPHONEOS_DEPLOYMENT_TARGET = 15.2;
				MARKETING_VERSION = 1.0;
				PRODUCT_BUNDLE_IDENTIFIER = com.samuel.XIBMediumTests;
				PRODUCT_NAME = "$(TARGET_NAME)";
				SWIFT_EMIT_LOC_STRINGS = NO;
				SWIFT_VERSION = 5.0;
				TARGETED_DEVICE_FAMILY = "1,2";
				TEST_HOST = "$(BUILT_PRODUCTS_DIR)/XIBMedium.app/XIBMedium";
			};
			name = Release;
		};
		002C168127D61C6B0002C4F3 /* Debug */ = {
			isa = XCBuildConfiguration;
			buildSettings = {
				ALWAYS_EMBED_SWIFT_STANDARD_LIBRARIES = YES;
				CODE_SIGN_STYLE = Automatic;
				CURRENT_PROJECT_VERSION = 1;
				DEVELOPMENT_TEAM = C7CDTC5F99;
				GENERATE_INFOPLIST_FILE = YES;
				MARKETING_VERSION = 1.0;
				PRODUCT_BUNDLE_IDENTIFIER = com.samuel.XIBMediumUITests;
				PRODUCT_NAME = "$(TARGET_NAME)";
				SWIFT_EMIT_LOC_STRINGS = NO;
				SWIFT_VERSION = 5.0;
				TARGETED_DEVICE_FAMILY = "1,2";
				TEST_TARGET_NAME = XIBMedium;
			};
			name = Debug;
		};
		002C168227D61C6B0002C4F3 /* Release */ = {
			isa = XCBuildConfiguration;
			buildSettings = {
				ALWAYS_EMBED_SWIFT_STANDARD_LIBRARIES = YES;
				CODE_SIGN_STYLE = Automatic;
				CURRENT_PROJECT_VERSION = 1;
				DEVELOPMENT_TEAM = C7CDTC5F99;
				GENERATE_INFOPLIST_FILE = YES;
				MARKETING_VERSION = 1.0;
				PRODUCT_BUNDLE_IDENTIFIER = com.samuel.XIBMediumUITests;
				PRODUCT_NAME = "$(TARGET_NAME)";
				SWIFT_EMIT_LOC_STRINGS = NO;
				SWIFT_VERSION = 5.0;
				TARGETED_DEVICE_FAMILY = "1,2";
				TEST_TARGET_NAME = XIBMedium;
			};
			name = Release;
		};
/* End XCBuildConfiguration section */

/* Begin XCConfigurationList section */
		002C164B27D61C670002C4F3 /* Build configuration list for PBXProject "XIBMedium" */ = {
			isa = XCConfigurationList;
			buildConfigurations = (
				002C167827D61C6B0002C4F3 /* Debug */,
				002C167927D61C6B0002C4F3 /* Release */,
			);
			defaultConfigurationIsVisible = 0;
			defaultConfigurationName = Release;
		};
		002C167A27D61C6B0002C4F3 /* Build configuration list for PBXNativeTarget "XIBMedium" */ = {
			isa = XCConfigurationList;
			buildConfigurations = (
				002C167B27D61C6B0002C4F3 /* Debug */,
				002C167C27D61C6B0002C4F3 /* Release */,
			);
			defaultConfigurationIsVisible = 0;
			defaultConfigurationName = Release;
		};
		002C167D27D61C6B0002C4F3 /* Build configuration list for PBXNativeTarget "XIBMediumTests" */ = {
			isa = XCConfigurationList;
			buildConfigurations = (
				002C167E27D61C6B0002C4F3 /* Debug */,
				002C167F27D61C6B0002C4F3 /* Release */,
			);
			defaultConfigurationIsVisible = 0;
			defaultConfigurationName = Release;
		};
		002C168027D61C6B0002C4F3 /* Build configuration list for PBXNativeTarget "XIBMediumUITests" */ = {
			isa = XCConfigurationList;
			buildConfigurations = (
				002C168127D61C6B0002C4F3 /* Debug */,
				002C168227D61C6B0002C4F3 /* Release */,
			);
			defaultConfigurationIsVisible = 0;
			defaultConfigurationName = Release;
		};
/* End XCConfigurationList section */
	};
	rootObject = 002C164827D61C670002C4F3 /* Project object */;
}
